// !$*UTF8*$!
{
	archiveVersion = 1;
	classes = {
	};
	objectVersion = 46;
	objects = {

/* Begin PBXBuildFile section */
		FE5AF60214F65C98009414B0 /* UIKit.framework in Frameworks */ = {isa = PBXBuildFile; fileRef = FE5AF60114F65C98009414B0 /* UIKit.framework */; };
		FE5AF60414F65C98009414B0 /* Foundation.framework in Frameworks */ = {isa = PBXBuildFile; fileRef = FE5AF60314F65C98009414B0 /* Foundation.framework */; };
		FE5AF60614F65C98009414B0 /* CoreGraphics.framework in Frameworks */ = {isa = PBXBuildFile; fileRef = FE5AF60514F65C98009414B0 /* CoreGraphics.framework */; };
		FE5AF60C14F65C98009414B0 /* InfoPlist.strings in Resources */ = {isa = PBXBuildFile; fileRef = FE5AF60A14F65C98009414B0 /* InfoPlist.strings */; };
		FE5AF60E14F65C98009414B0 /* main.m in Sources */ = {isa = PBXBuildFile; fileRef = FE5AF60D14F65C98009414B0 /* main.m */; };
		FE5AF61214F65C98009414B0 /* SocialTangoAppDelegate.m in Sources */ = {isa = PBXBuildFile; fileRef = FE5AF61114F65C98009414B0 /* SocialTangoAppDelegate.m */; };
		FE5AF61514F65C98009414B0 /* MainStoryboard_iPhone.storyboard in Resources */ = {isa = PBXBuildFile; fileRef = FE5AF61314F65C98009414B0 /* MainStoryboard_iPhone.storyboard */; };
		FE5AF61814F65C98009414B0 /* MainStoryboard_iPad.storyboard in Resources */ = {isa = PBXBuildFile; fileRef = FE5AF61614F65C98009414B0 /* MainStoryboard_iPad.storyboard */; };
		FE5AF61B14F65C98009414B0 /* SocialTangoViewController.m in Sources */ = {isa = PBXBuildFile; fileRef = FE5AF61A14F65C98009414B0 /* SocialTangoViewController.m */; };
		FE5AF62A14F65E55009414B0 /* logo_small.png in Resources */ = {isa = PBXBuildFile; fileRef = FE5AF62914F65E55009414B0 /* logo_small.png */; };
		FEEDEFDB15774E3200BF72DD /* logo_copy.png in Resources */ = {isa = PBXBuildFile; fileRef = FEEDEFDA15774E3200BF72DD /* logo_copy.png */; };
/* End PBXBuildFile section */

/* Begin PBXFileReference section */
		FE5AF5FD14F65C98009414B0 /* st.app */ = {isa = PBXFileReference; explicitFileType = wrapper.application; includeInIndex = 0; path = st.app; sourceTree = BUILT_PRODUCTS_DIR; };
		FE5AF60114F65C98009414B0 /* UIKit.framework */ = {isa = PBXFileReference; lastKnownFileType = wrapper.framework; name = UIKit.framework; path = System/Library/Frameworks/UIKit.framework; sourceTree = SDKROOT; };
		FE5AF60314F65C98009414B0 /* Foundation.framework */ = {isa = PBXFileReference; lastKnownFileType = wrapper.framework; name = Foundation.framework; path = System/Library/Frameworks/Foundation.framework; sourceTree = SDKROOT; };
		FE5AF60514F65C98009414B0 /* CoreGraphics.framework */ = {isa = PBXFileReference; lastKnownFileType = wrapper.framework; name = CoreGraphics.framework; path = System/Library/Frameworks/CoreGraphics.framework; sourceTree = SDKROOT; };
		FE5AF60914F65C98009414B0 /* SocialTango-Info.plist */ = {isa = PBXFileReference; lastKnownFileType = text.plist.xml; path = "SocialTango-Info.plist"; sourceTree = "<group>"; };
		FE5AF60B14F65C98009414B0 /* en */ = {isa = PBXFileReference; lastKnownFileType = text.plist.strings; name = en; path = en.lproj/InfoPlist.strings; sourceTree = "<group>"; };
		FE5AF60D14F65C98009414B0 /* main.m */ = {isa = PBXFileReference; lastKnownFileType = sourcecode.c.objc; path = main.m; sourceTree = "<group>"; };
		FE5AF60F14F65C98009414B0 /* SocialTango-Prefix.pch */ = {isa = PBXFileReference; lastKnownFileType = sourcecode.c.h; path = "SocialTango-Prefix.pch"; sourceTree = "<group>"; };
		FE5AF61014F65C98009414B0 /* SocialTangoAppDelegate.h */ = {isa = PBXFileReference; lastKnownFileType = sourcecode.c.h; path = SocialTangoAppDelegate.h; sourceTree = "<group>"; };
		FE5AF61114F65C98009414B0 /* SocialTangoAppDelegate.m */ = {isa = PBXFileReference; lastKnownFileType = sourcecode.c.objc; path = SocialTangoAppDelegate.m; sourceTree = "<group>"; };
		FE5AF61414F65C98009414B0 /* en */ = {isa = PBXFileReference; lastKnownFileType = file.storyboard; name = en; path = en.lproj/MainStoryboard_iPhone.storyboard; sourceTree = "<group>"; };
		FE5AF61714F65C98009414B0 /* en */ = {isa = PBXFileReference; lastKnownFileType = file.storyboard; name = en; path = en.lproj/MainStoryboard_iPad.storyboard; sourceTree = "<group>"; };
		FE5AF61914F65C98009414B0 /* SocialTangoViewController.h */ = {isa = PBXFileReference; lastKnownFileType = sourcecode.c.h; path = SocialTangoViewController.h; sourceTree = "<group>"; };
		FE5AF61A14F65C98009414B0 /* SocialTangoViewController.m */ = {isa = PBXFileReference; lastKnownFileType = sourcecode.c.objc; path = SocialTangoViewController.m; sourceTree = "<group>"; };
		FE5AF62914F65E55009414B0 /* logo_small.png */ = {isa = PBXFileReference; lastKnownFileType = image.png; name = logo_small.png; path = ../logo_small.png; sourceTree = "<group>"; };
		FEEDEFDA15774E3200BF72DD /* logo_copy.png */ = {isa = PBXFileReference; lastKnownFileType = image.png; path = logo_copy.png; sourceTree = "<group>"; };
/* End PBXFileReference section */

/* Begin PBXFrameworksBuildPhase section */
		FE5AF5FA14F65C98009414B0 /* Frameworks */ = {
			isa = PBXFrameworksBuildPhase;
			buildActionMask = 2147483647;
			files = (
				FE5AF60214F65C98009414B0 /* UIKit.framework in Frameworks */,
				FE5AF60414F65C98009414B0 /* Foundation.framework in Frameworks */,
				FE5AF60614F65C98009414B0 /* CoreGraphics.framework in Frameworks */,
			);
			runOnlyForDeploymentPostprocessing = 0;
		};
/* End PBXFrameworksBuildPhase section */

/* Begin PBXGroup section */
		FE5AF5F214F65C98009414B0 = {
			isa = PBXGroup;
			children = (
				FE5AF60714F65C98009414B0 /* WebViewer */,
				FE5AF60014F65C98009414B0 /* Frameworks */,
				FE5AF5FE14F65C98009414B0 /* Products */,
			);
			sourceTree = "<group>";
		};
		FE5AF5FE14F65C98009414B0 /* Products */ = {
			isa = PBXGroup;
			children = (
				FE5AF5FD14F65C98009414B0 /* st.app */,
			);
			name = Products;
			sourceTree = "<group>";
		};
		FE5AF60014F65C98009414B0 /* Frameworks */ = {
			isa = PBXGroup;
			children = (
				FE5AF60114F65C98009414B0 /* UIKit.framework */,
				FE5AF60314F65C98009414B0 /* Foundation.framework */,
				FE5AF60514F65C98009414B0 /* CoreGraphics.framework */,
			);
			name = Frameworks;
			sourceTree = "<group>";
		};
		FE5AF60714F65C98009414B0 /* WebViewer */ = {
			isa = PBXGroup;
			children = (
				FE5AF62914F65E55009414B0 /* logo_small.png */,
				FE5AF61014F65C98009414B0 /* SocialTangoAppDelegate.h */,
				FEEDEFDA15774E3200BF72DD /* logo_copy.png */,
				FE5AF61114F65C98009414B0 /* SocialTangoAppDelegate.m */,
				FE5AF61314F65C98009414B0 /* MainStoryboard_iPhone.storyboard */,
				FE5AF61614F65C98009414B0 /* MainStoryboard_iPad.storyboard */,
				FE5AF61914F65C98009414B0 /* SocialTangoViewController.h */,
				FE5AF61A14F65C98009414B0 /* SocialTangoViewController.m */,
				FE5AF60814F65C98009414B0 /* Supporting Files */,
			);
			path = WebViewer;
			sourceTree = "<group>";
		};
		FE5AF60814F65C98009414B0 /* Supporting Files */ = {
			isa = PBXGroup;
			children = (
				FE5AF60914F65C98009414B0 /* SocialTango-Info.plist */,
				FE5AF60A14F65C98009414B0 /* InfoPlist.strings */,
				FE5AF60D14F65C98009414B0 /* main.m */,
				FE5AF60F14F65C98009414B0 /* SocialTango-Prefix.pch */,
			);
			name = "Supporting Files";
			sourceTree = "<group>";
		};
/* End PBXGroup section */

/* Begin PBXNativeTarget section */
		FE5AF5FC14F65C98009414B0 /* ST */ = {
			isa = PBXNativeTarget;
			buildConfigurationList = FE5AF61E14F65C98009414B0 /* Build configuration list for PBXNativeTarget "ST" */;
			buildPhases = (
				FE5AF5F914F65C98009414B0 /* Sources */,
				FE5AF5FA14F65C98009414B0 /* Frameworks */,
				FE5AF5FB14F65C98009414B0 /* Resources */,
			);
			buildRules = (
			);
			dependencies = (
			);
			name = ST;
			productName = WebViewer;
			productReference = FE5AF5FD14F65C98009414B0 /* st.app */;
			productType = "com.apple.product-type.application";
		};
/* End PBXNativeTarget section */

/* Begin PBXProject section */
		FE5AF5F414F65C98009414B0 /* Project object */ = {
			isa = PBXProject;
			attributes = {
				LastUpgradeCheck = 0420;
				TargetAttributes = {
					FE5AF5FC14F65C98009414B0 = {
						DevelopmentTeam = 6QJCQ72Z8A;
						SystemCapabilities = {
							com.apple.BackgroundModes = {
								enabled = 0;
							};
						};
					};
				};
			};
			buildConfigurationList = FE5AF5F714F65C98009414B0 /* Build configuration list for PBXProject "ST" */;
			compatibilityVersion = "Xcode 3.2";
			developmentRegion = English;
			hasScannedForEncodings = 0;
			knownRegions = (
				en,
			);
			mainGroup = FE5AF5F214F65C98009414B0;
			productRefGroup = FE5AF5FE14F65C98009414B0 /* Products */;
			projectDirPath = "";
			projectRoot = "";
			targets = (
				FE5AF5FC14F65C98009414B0 /* ST */,
			);
		};
/* End PBXProject section */

/* Begin PBXResourcesBuildPhase section */
		FE5AF5FB14F65C98009414B0 /* Resources */ = {
			isa = PBXResourcesBuildPhase;
			buildActionMask = 2147483647;
			files = (
				FE5AF60C14F65C98009414B0 /* InfoPlist.strings in Resources */,
				FE5AF61514F65C98009414B0 /* MainStoryboard_iPhone.storyboard in Resources */,
				FE5AF61814F65C98009414B0 /* MainStoryboard_iPad.storyboard in Resources */,
				FE5AF62A14F65E55009414B0 /* logo_small.png in Resources */,
				FEEDEFDB15774E3200BF72DD /* logo_copy.png in Resources */,
			);
			runOnlyForDeploymentPostprocessing = 0;
		};
/* End PBXResourcesBuildPhase section */

/* Begin PBXSourcesBuildPhase section */
		FE5AF5F914F65C98009414B0 /* Sources */ = {
			isa = PBXSourcesBuildPhase;
			buildActionMask = 2147483647;
			files = (
				FE5AF60E14F65C98009414B0 /* main.m in Sources */,
				FE5AF61214F65C98009414B0 /* SocialTangoAppDelegate.m in Sources */,
				FE5AF61B14F65C98009414B0 /* SocialTangoViewController.m in Sources */,
			);
			runOnlyForDeploymentPostprocessing = 0;
		};
/* End PBXSourcesBuildPhase section */

/* Begin PBXVariantGroup section */
		FE5AF60A14F65C98009414B0 /* InfoPlist.strings */ = {
			isa = PBXVariantGroup;
			children = (
				FE5AF60B14F65C98009414B0 /* en */,
			);
			name = InfoPlist.strings;
			sourceTree = "<group>";
		};
		FE5AF61314F65C98009414B0 /* MainStoryboard_iPhone.storyboard */ = {
			isa = PBXVariantGroup;
			children = (
				FE5AF61414F65C98009414B0 /* en */,
			);
			name = MainStoryboard_iPhone.storyboard;
			sourceTree = "<group>";
		};
		FE5AF61614F65C98009414B0 /* MainStoryboard_iPad.storyboard */ = {
			isa = PBXVariantGroup;
			children = (
				FE5AF61714F65C98009414B0 /* en */,
			);
			name = MainStoryboard_iPad.storyboard;
			sourceTree = "<group>";
		};
/* End PBXVariantGroup section */

/* Begin XCBuildConfiguration section */
		FE5AF61C14F65C98009414B0 /* Debug */ = {
			isa = XCBuildConfiguration;
			buildSettings = {
				ALWAYS_SEARCH_USER_PATHS = NO;
				ARCHS = "$(ARCHS_STANDARD_32_BIT)";
				CLANG_ENABLE_OBJC_ARC = YES;
				CODE_SIGN_IDENTITY = "iPhone Distribution: Cognizant Technology Solutions India Pvt Ltd/";
				"CODE_SIGN_IDENTITY[sdk=iphoneos*]" = "iPhone Distribution: Cognizant Technology Solutions India Pvt Ltd/";
				COPY_PHASE_STRIP = NO;
				GCC_C_LANGUAGE_STANDARD = gnu99;
				GCC_DYNAMIC_NO_PIC = NO;
				GCC_OPTIMIZATION_LEVEL = 0;
				GCC_PREPROCESSOR_DEFINITIONS = (
					"DEBUG=1",
					"$(inherited)",
				);
				GCC_SYMBOLS_PRIVATE_EXTERN = NO;
				GCC_VERSION = com.apple.compilers.llvm.clang.1_0;
				GCC_WARN_ABOUT_MISSING_PROTOTYPES = YES;
				GCC_WARN_ABOUT_RETURN_TYPE = YES;
				GCC_WARN_UNUSED_VARIABLE = YES;
				IPHONEOS_DEPLOYMENT_TARGET = 6.0;
				PROVISIONING_PROFILE = "89B63E09-92B7-46BD-A9AA-B3817E0CE514";
				"PROVISIONING_PROFILE[sdk=iphoneos*]" = "89B63E09-92B7-46BD-A9AA-B3817E0CE514";
				SDKROOT = iphoneos;
				TARGETED_DEVICE_FAMILY = "1,2";
			};
			name = Debug;
		};
		FE5AF61D14F65C98009414B0 /* Release */ = {
			isa = XCBuildConfiguration;
			buildSettings = {
				ALWAYS_SEARCH_USER_PATHS = NO;
				ARCHS = "$(ARCHS_STANDARD_32_BIT)";
				CLANG_ENABLE_OBJC_ARC = YES;
				CODE_SIGN_IDENTITY = "iPhone Distribution: Cognizant Technology Solutions India Pvt Ltd/";
				"CODE_SIGN_IDENTITY[sdk=iphoneos*]" = "iPhone Distribution: Cognizant Technology Solutions India Pvt Ltd/";
				COPY_PHASE_STRIP = YES;
				GCC_C_LANGUAGE_STANDARD = gnu99;
				GCC_VERSION = com.apple.compilers.llvm.clang.1_0;
				GCC_WARN_ABOUT_MISSING_PROTOTYPES = YES;
				GCC_WARN_ABOUT_RETURN_TYPE = YES;
				GCC_WARN_UNUSED_VARIABLE = YES;
				IPHONEOS_DEPLOYMENT_TARGET = 6.0;
				OTHER_CFLAGS = "-DNS_BLOCK_ASSERTIONS=1";
				PROVISIONING_PROFILE = "89B63E09-92B7-46BD-A9AA-B3817E0CE514";
				"PROVISIONING_PROFILE[sdk=iphoneos*]" = "89B63E09-92B7-46BD-A9AA-B3817E0CE514";
				SDKROOT = iphoneos;
				TARGETED_DEVICE_FAMILY = "1,2";
				VALIDATE_PRODUCT = YES;
			};
			name = Release;
		};
		FE5AF61F14F65C98009414B0 /* Debug */ = {
			isa = XCBuildConfiguration;
			buildSettings = {
				CODE_SIGN_IDENTITY = "iPhone Distribution: Cognizant Technology Solutions India Pvt Ltd/";
				"CODE_SIGN_IDENTITY[sdk=iphoneos*]" = "iPhone Distribution: Cognizant Technology Solutions India Pvt Ltd/";
				"CODE_SIGN_RESOURCE_RULES_PATH[sdk=*]" = "";
				GCC_PRECOMPILE_PREFIX_HEADER = YES;
				GCC_PREFIX_HEADER = "WebViewer/SocialTango-Prefix.pch";
				INFOPLIST_FILE = "WebViewer/SocialTango-Info.plist";
				IPHONEOS_DEPLOYMENT_TARGET = 5.0;
				PRODUCT_NAME = st;
				PROVISIONING_PROFILE = "89B63E09-92B7-46BD-A9AA-B3817E0CE514";
				"PROVISIONING_PROFILE[sdk=iphoneos*]" = "89B63E09-92B7-46BD-A9AA-B3817E0CE514";
				TARGETED_DEVICE_FAMILY = "1,2";
				WRAPPER_EXTENSION = app;
			};
			name = Debug;
		};
		FE5AF62014F65C98009414B0 /* Release */ = {
			isa = XCBuildConfiguration;
			buildSettings = {
				"CODE_SIGN_ENTITLEMENTS[sdk=*]" = "";
				CODE_SIGN_IDENTITY = "iPhone Distribution: Cognizant Technology Solutions India Pvt Ltd/";
				"CODE_SIGN_IDENTITY[sdk=iphoneos*]" = "iPhone Distribution: Cognizant Technology Solutions India Pvt Ltd/";
				GCC_PRECOMPILE_PREFIX_HEADER = YES;
				GCC_PREFIX_HEADER = "WebViewer/SocialTango-Prefix.pch";
				INFOPLIST_FILE = "WebViewer/SocialTango-Info.plist";
				IPHONEOS_DEPLOYMENT_TARGET = 5.0;
				PRODUCT_NAME = st;
				PROVISIONING_PROFILE = "89B63E09-92B7-46BD-A9AA-B3817E0CE514";
				"PROVISIONING_PROFILE[sdk=iphoneos*]" = "89B63E09-92B7-46BD-A9AA-B3817E0CE514";
				TARGETED_DEVICE_FAMILY = "1,2";
				WRAPPER_EXTENSION = app;
			};
			name = Release;
		};
/* End XCBuildConfiguration section */

/* Begin XCConfigurationList section */
		FE5AF5F714F65C98009414B0 /* Build configuration list for PBXProject "ST" */ = {
			isa = XCConfigurationList;
			buildConfigurations = (
				FE5AF61C14F65C98009414B0 /* Debug */,
				FE5AF61D14F65C98009414B0 /* Release */,
			);
			defaultConfigurationIsVisible = 0;
			defaultConfigurationName = Release;
		};
		FE5AF61E14F65C98009414B0 /* Build configuration list for PBXNativeTarget "ST" */ = {
			isa = XCConfigurationList;
			buildConfigurations = (
				FE5AF61F14F65C98009414B0 /* Debug */,
				FE5AF62014F65C98009414B0 /* Release */,
			);
			defaultConfigurationIsVisible = 0;
			defaultConfigurationName = Release;
		};
/* End XCConfigurationList section */
	};
	rootObject = FE5AF5F414F65C98009414B0 /* Project object */;
}
